// !$*UTF8*$!
{
	archiveVersion = 1;
	classes = {
	};
	objectVersion = 46;
	objects = {

/* Begin PBXBuildFile section */
		8C296F9D1C62914900BB42ED /* AppDelegate.swift in Sources */ = {isa = PBXBuildFile; fileRef = 8C296F9C1C62914900BB42ED /* AppDelegate.swift */; };
		8C296F9F1C62914900BB42ED /* ViewController.swift in Sources */ = {isa = PBXBuildFile; fileRef = 8C296F9E1C62914900BB42ED /* ViewController.swift */; };
		8C296FA21C62914900BB42ED /* Main.storyboard in Resources */ = {isa = PBXBuildFile; fileRef = 8C296FA01C62914900BB42ED /* Main.storyboard */; };
		8C296FA41C62914900BB42ED /* Assets.xcassets in Resources */ = {isa = PBXBuildFile; fileRef = 8C296FA31C62914900BB42ED /* Assets.xcassets */; };
		8C296FA71C62914900BB42ED /* LaunchScreen.storyboard in Resources */ = {isa = PBXBuildFile; fileRef = 8C296FA51C62914900BB42ED /* LaunchScreen.storyboard */; };
		8C296FB21C62914900BB42ED /* Proyecto1Tests.swift in Sources */ = {isa = PBXBuildFile; fileRef = 8C296FB11C62914900BB42ED /* Proyecto1Tests.swift */; };
		8C296FBD1C62914900BB42ED /* Proyecto1UITests.swift in Sources */ = {isa = PBXBuildFile; fileRef = 8C296FBC1C62914900BB42ED /* Proyecto1UITests.swift */; };
/* End PBXBuildFile section */

/* Begin PBXContainerItemProxy section */
		8C296FAE1C62914900BB42ED /* PBXContainerItemProxy */ = {
			isa = PBXContainerItemProxy;
			containerPortal = 8C296F911C62914900BB42ED /* Project object */;
			proxyType = 1;
			remoteGlobalIDString = 8C296F981C62914900BB42ED;
			remoteInfo = Proyecto1;
		};
		8C296FB91C62914900BB42ED /* PBXContainerItemProxy */ = {
			isa = PBXContainerItemProxy;
			containerPortal = 8C296F911C62914900BB42ED /* Project object */;
			proxyType = 1;
			remoteGlobalIDString = 8C296F981C62914900BB42ED;
			remoteInfo = Proyecto1;
		};
/* End PBXContainerItemProxy section */

/* Begin PBXFileReference section */
		8C296F991C62914900BB42ED /* Proyecto1.app */ = {isa = PBXFileReference; explicitFileType = wrapper.application; includeInIndex = 0; path = Proyecto1.app; sourceTree = BUILT_PRODUCTS_DIR; };
		8C296F9C1C62914900BB42ED /* AppDelegate.swift */ = {isa = PBXFileReference; lastKnownFileType = sourcecode.swift; path = AppDelegate.swift; sourceTree = "<group>"; };
		8C296F9E1C62914900BB42ED /* ViewController.swift */ = {isa = PBXFileReference; lastKnownFileType = sourcecode.swift; path = ViewController.swift; sourceTree = "<group>"; };
		8C296FA11C62914900BB42ED /* Base */ = {isa = PBXFileReference; lastKnownFileType = file.storyboard; name = Base; path = Base.lproj/Main.storyboard; sourceTree = "<group>"; };
		8C296FA31C62914900BB42ED /* Assets.xcassets */ = {isa = PBXFileReference; lastKnownFileType = folder.assetcatalog; path = Assets.xcassets; sourceTree = "<group>"; };
		8C296FA61C62914900BB42ED /* Base */ = {isa = PBXFileReference; lastKnownFileType = file.storyboard; name = Base; path = Base.lproj/LaunchScreen.storyboard; sourceTree = "<group>"; };
		8C296FA81C62914900BB42ED /* Info.plist */ = {isa = PBXFileReference; lastKnownFileType = text.plist.xml; path = Info.plist; sourceTree = "<group>"; };
		8C296FAD1C62914900BB42ED /* Proyecto1Tests.xctest */ = {isa = PBXFileReference; explicitFileType = wrapper.cfbundle; includeInIndex = 0; path = Proyecto1Tests.xctest; sourceTree = BUILT_PRODUCTS_DIR; };
		8C296FB11C62914900BB42ED /* Proyecto1Tests.swift */ = {isa = PBXFileReference; lastKnownFileType = sourcecode.swift; path = Proyecto1Tests.swift; sourceTree = "<group>"; };
		8C296FB31C62914900BB42ED /* Info.plist */ = {isa = PBXFileReference; lastKnownFileType = text.plist.xml; path = Info.plist; sourceTree = "<group>"; };
		8C296FB81C62914900BB42ED /* Proyecto1UITests.xctest */ = {isa = PBXFileReference; explicitFileType = wrapper.cfbundle; includeInIndex = 0; path = Proyecto1UITests.xctest; sourceTree = BUILT_PRODUCTS_DIR; };
		8C296FBC1C62914900BB42ED /* Proyecto1UITests.swift */ = {isa = PBXFileReference; lastKnownFileType = sourcecode.swift; path = Proyecto1UITests.swift; sourceTree = "<group>"; };
		8C296FBE1C62914900BB42ED /* Info.plist */ = {isa = PBXFileReference; lastKnownFileType = text.plist.xml; path = Info.plist; sourceTree = "<group>"; };
/* End PBXFileReference section */

/* Begin PBXFrameworksBuildPhase section */
		8C296F961C62914900BB42ED /* Frameworks */ = {
			isa = PBXFrameworksBuildPhase;
			buildActionMask = 2147483647;
			files = (
			);
			runOnlyForDeploymentPostprocessing = 0;
		};
		8C296FAA1C62914900BB42ED /* Frameworks */ = {
			isa = PBXFrameworksBuildPhase;
			buildActionMask = 2147483647;
			files = (
			);
			runOnlyForDeploymentPostprocessing = 0;
		};
		8C296FB51C62914900BB42ED /* Frameworks */ = {
			isa = PBXFrameworksBuildPhase;
			buildActionMask = 2147483647;
			files = (
			);
			runOnlyForDeploymentPostprocessing = 0;
		};
/* End PBXFrameworksBuildPhase section */

/* Begin PBXGroup section */
		8C296F901C62914900BB42ED = {
			isa = PBXGroup;
			children = (
				8C296F9B1C62914900BB42ED /* Proyecto1 */,
				8C296FB01C62914900BB42ED /* Proyecto1Tests */,
				8C296FBB1C62914900BB42ED /* Proyecto1UITests */,
				8C296F9A1C62914900BB42ED /* Products */,
			);
			sourceTree = "<group>";
		};
		8C296F9A1C62914900BB42ED /* Products */ = {
			isa = PBXGroup;
			children = (
				8C296F991C62914900BB42ED /* Proyecto1.app */,
				8C296FAD1C62914900BB42ED /* Proyecto1Tests.xctest */,
				8C296FB81C62914900BB42ED /* Proyecto1UITests.xctest */,
			);
			name = Products;
			sourceTree = "<group>";
		};
		8C296F9B1C62914900BB42ED /* Proyecto1 */ = {
			isa = PBXGroup;
			children = (
				8C296F9C1C62914900BB42ED /* AppDelegate.swift */,
				8C296F9E1C62914900BB42ED /* ViewController.swift */,
				8C296FA01C62914900BB42ED /* Main.storyboard */,
				8C296FA31C62914900BB42ED /* Assets.xcassets */,
				8C296FA51C62914900BB42ED /* LaunchScreen.storyboard */,
				8C296FA81C62914900BB42ED /* Info.plist */,
			);
			path = Proyecto1;
			sourceTree = "<group>";
		};
		8C296FB01C62914900BB42ED /* Proyecto1Tests */ = {
			isa = PBXGroup;
			children = (
				8C296FB11C62914900BB42ED /* Proyecto1Tests.swift */,
				8C296FB31C62914900BB42ED /* Info.plist */,
			);
			path = Proyecto1Tests;
			sourceTree = "<group>";
		};
		8C296FBB1C62914900BB42ED /* Proyecto1UITests */ = {
			isa = PBXGroup;
			children = (
				8C296FBC1C62914900BB42ED /* Proyecto1UITests.swift */,
				8C296FBE1C62914900BB42ED /* Info.plist */,
			);
			path = Proyecto1UITests;
			sourceTree = "<group>";
		};
/* End PBXGroup section */

/* Begin PBXNativeTarget section */
		8C296F981C62914900BB42ED /* Proyecto1 */ = {
			isa = PBXNativeTarget;
			buildConfigurationList = 8C296FC11C62914900BB42ED /* Build configuration list for PBXNativeTarget "Proyecto1" */;
			buildPhases = (
				8C296F951C62914900BB42ED /* Sources */,
				8C296F961C62914900BB42ED /* Frameworks */,
				8C296F971C62914900BB42ED /* Resources */,
			);
			buildRules = (
			);
			dependencies = (
			);
			name = Proyecto1;
			productName = Proyecto1;
			productReference = 8C296F991C62914900BB42ED /* Proyecto1.app */;
			productType = "com.apple.product-type.application";
		};
		8C296FAC1C62914900BB42ED /* Proyecto1Tests */ = {
			isa = PBXNativeTarget;
			buildConfigurationList = 8C296FC41C62914900BB42ED /* Build configuration list for PBXNativeTarget "Proyecto1Tests" */;
			buildPhases = (
				8C296FA91C62914900BB42ED /* Sources */,
				8C296FAA1C62914900BB42ED /* Frameworks */,
				8C296FAB1C62914900BB42ED /* Resources */,
			);
			buildRules = (
			);
			dependencies = (
				8C296FAF1C62914900BB42ED /* PBXTargetDependency */,
			);
			name = Proyecto1Tests;
			productName = Proyecto1Tests;
			productReference = 8C296FAD1C62914900BB42ED /* Proyecto1Tests.xctest */;
			productType = "com.apple.product-type.bundle.unit-test";
		};
		8C296FB71C62914900BB42ED /* Proyecto1UITests */ = {
			isa = PBXNativeTarget;
			buildConfigurationList = 8C296FC71C62914900BB42ED /* Build configuration list for PBXNativeTarget "Proyecto1UITests" */;
			buildPhases = (
				8C296FB41C62914900BB42ED /* Sources */,
				8C296FB51C62914900BB42ED /* Frameworks */,
				8C296FB61C62914900BB42ED /* Resources */,
			);
			buildRules = (
			);
			dependencies = (
				8C296FBA1C62914900BB42ED /* PBXTargetDependency */,
			);
			name = Proyecto1UITests;
			productName = Proyecto1UITests;
			productReference = 8C296FB81C62914900BB42ED /* Proyecto1UITests.xctest */;
			productType = "com.apple.product-type.bundle.ui-testing";
		};
/* End PBXNativeTarget section */

/* Begin PBXProject section */
		8C296F911C62914900BB42ED /* Project object */ = {
			isa = PBXProject;
			attributes = {
				LastSwiftUpdateCheck = 0730;
				LastUpgradeCheck = 0730;
				ORGANIZATIONNAME = "Ricardo Adolfo Malagón Ganado";
				TargetAttributes = {
					8C296F981C62914900BB42ED = {
						CreatedOnToolsVersion = 7.3;
					};
					8C296FAC1C62914900BB42ED = {
						CreatedOnToolsVersion = 7.3;
						TestTargetID = 8C296F981C62914900BB42ED;
					};
					8C296FB71C62914900BB42ED = {
						CreatedOnToolsVersion = 7.3;
						TestTargetID = 8C296F981C62914900BB42ED;
					};
				};
			};
			buildConfigurationList = 8C296F941C62914900BB42ED /* Build configuration list for PBXProject "Proyecto1" */;
			compatibilityVersion = "Xcode 3.2";
			developmentRegion = English;
			hasScannedForEncodings = 0;
			knownRegions = (
				en,
				Base,
			);
			mainGroup = 8C296F901C62914900BB42ED;
			productRefGroup = 8C296F9A1C62914900BB42ED /* Products */;
			projectDirPath = "";
			projectRoot = "";
			targets = (
				8C296F981C62914900BB42ED /* Proyecto1 */,
				8C296FAC1C62914900BB42ED /* Proyecto1Tests */,
				8C296FB71C62914900BB42ED /* Proyecto1UITests */,
			);
		};
/* End PBXProject section */

/* Begin PBXResourcesBuildPhase section */
		8C296F971C62914900BB42ED /* Resources */ = {
			isa = PBXResourcesBuildPhase;
			buildActionMask = 2147483647;
			files = (
				8C296FA71C62914900BB42ED /* LaunchScreen.storyboard in Resources */,
				8C296FA41C62914900BB42ED /* Assets.xcassets in Resources */,
				8C296FA21C62914900BB42ED /* Main.storyboard in Resources */,
			);
			runOnlyForDeploymentPostprocessing = 0;
		};
		8C296FAB1C62914900BB42ED /* Resources */ = {
			isa = PBXResourcesBuildPhase;
			buildActionMask = 2147483647;
			files = (
			);
			runOnlyForDeploymentPostprocessing = 0;
		};
		8C296FB61C62914900BB42ED /* Resources */ = {
			isa = PBXResourcesBuildPhase;
			buildActionMask = 2147483647;
			files = (
			);
			runOnlyForDeploymentPostprocessing = 0;
		};
/* End PBXResourcesBuildPhase section */

/* Begin PBXSourcesBuildPhase section */
		8C296F951C62914900BB42ED /* Sources */ = {
			isa = PBXSourcesBuildPhase;
			buildActionMask = 2147483647;
			files = (
				8C296F9F1C62914900BB42ED /* ViewController.swift in Sources */,
				8C296F9D1C62914900BB42ED /* AppDelegate.swift in Sources */,
			);
			runOnlyForDeploymentPostprocessing = 0;
		};
		8C296FA91C62914900BB42ED /* Sources */ = {
			isa = PBXSourcesBuildPhase;
			buildActionMask = 2147483647;
			files = (
				8C296FB21C62914900BB42ED /* Proyecto1Tests.swift in Sources */,
			);
			runOnlyForDeploymentPostprocessing = 0;
		};
		8C296FB41C62914900BB42ED /* Sources */ = {
			isa = PBXSourcesBuildPhase;
			buildActionMask = 2147483647;
			files = (
				8C296FBD1C62914900BB42ED /* Proyecto1UITests.swift in Sources */,
			);
			runOnlyForDeploymentPostprocessing = 0;
		};
/* End PBXSourcesBuildPhase section */

/* Begin PBXTargetDependency section */
		8C296FAF1C62914900BB42ED /* PBXTargetDependency */ = {
			isa = PBXTargetDependency;
			target = 8C296F981C62914900BB42ED /* Proyecto1 */;
			targetProxy = 8C296FAE1C62914900BB42ED /* PBXContainerItemProxy */;
		};
		8C296FBA1C62914900BB42ED /* PBXTargetDependency */ = {
			isa = PBXTargetDependency;
			target = 8C296F981C62914900BB42ED /* Proyecto1 */;
			targetProxy = 8C296FB91C62914900BB42ED /* PBXContainerItemProxy */;
		};
/* End PBXTargetDependency section */

/* Begin PBXVariantGroup section */
		8C296FA01C62914900BB42ED /* Main.storyboard */ = {
			isa = PBXVariantGroup;
			children = (
				8C296FA11C62914900BB42ED /* Base */,
			);
			name = Main.storyboard;
			sourceTree = "<group>";
		};
		8C296FA51C62914900BB42ED /* LaunchScreen.storyboard */ = {
			isa = PBXVariantGroup;
			children = (
				8C296FA61C62914900BB42ED /* Base */,
			);
			name = LaunchScreen.storyboard;
			sourceTree = "<group>";
		};
/* End PBXVariantGroup section */

/* Begin XCBuildConfiguration section */
		8C296FBF1C62914900BB42ED /* Debug */ = {
			isa = XCBuildConfiguration;
			buildSettings = {
				ALWAYS_SEARCH_USER_PATHS = NO;
				CLANG_CXX_LANGUAGE_STANDARD = "gnu++0x";
				CLANG_CXX_LIBRARY = "libc++";
				CLANG_ENABLE_MODULES = YES;
				CLANG_ENABLE_OBJC_ARC = YES;
				CLANG_WARN_BOOL_CONVERSION = YES;
				CLANG_WARN_CONSTANT_CONVERSION = YES;
				CLANG_WARN_DIRECT_OBJC_ISA_USAGE = YES_ERROR;
				CLANG_WARN_EMPTY_BODY = YES;
				CLANG_WARN_ENUM_CONVERSION = YES;
				CLANG_WARN_INT_CONVERSION = YES;
				CLANG_WARN_OBJC_ROOT_CLASS = YES_ERROR;
				CLANG_WARN_UNREACHABLE_CODE = YES;
				CLANG_WARN__DUPLICATE_METHOD_MATCH = YES;
				"CODE_SIGN_IDENTITY[sdk=iphoneos*]" = "iPhone Developer";
				COPY_PHASE_STRIP = NO;
				DEBUG_INFORMATION_FORMAT = dwarf;
				ENABLE_STRICT_OBJC_MSGSEND = YES;
				ENABLE_TESTABILITY = YES;
				GCC_C_LANGUAGE_STANDARD = gnu99;
				GCC_DYNAMIC_NO_PIC = NO;
				GCC_NO_COMMON_BLOCKS = YES;
				GCC_OPTIMIZATION_LEVEL = 0;
				GCC_PREPROCESSOR_DEFINITIONS = (
					"DEBUG=1",
					"$(inherited)",
				);
				GCC_WARN_64_TO_32_BIT_CONVERSION = YES;
				GCC_WARN_ABOUT_RETURN_TYPE = YES_ERROR;
				GCC_WARN_UNDECLARED_SELECTOR = YES;
				GCC_WARN_UNINITIALIZED_AUTOS = YES_AGGRESSIVE;
				GCC_WARN_UNUSED_FUNCTION = YES;
				GCC_WARN_UNUSED_VARIABLE = YES;
				IPHONEOS_DEPLOYMENT_TARGET = 9.3;
				MTL_ENABLE_DEBUG_INFO = YES;
				ONLY_ACTIVE_ARCH = YES;
				SDKROOT = iphoneos;
				SWIFT_OPTIMIZATION_LEVEL = "-Onone";
			};
			name = Debug;
		};
		8C296FC01C62914900BB42ED /* Release */ = {
			isa = XCBuildConfiguration;
			buildSettings = {
				ALWAYS_SEARCH_USER_PATHS = NO;
				CLANG_CXX_LANGUAGE_STANDARD = "gnu++0x";
				CLANG_CXX_LIBRARY = "libc++";
				CLANG_ENABLE_MODULES = YES;
				CLANG_ENABLE_OBJC_ARC = YES;
				CLANG_WARN_BOOL_CONVERSION = YES;
				CLANG_WARN_CONSTANT_CONVERSION = YES;
				CLANG_WARN_DIRECT_OBJC_ISA_USAGE = YES_ERROR;
				CLANG_WARN_EMPTY_BODY = YES;
				CLANG_WARN_ENUM_CONVERSION = YES;
				CLANG_WARN_INT_CONVERSION = YES;
				CLANG_WARN_OBJC_ROOT_CLASS = YES_ERROR;
				CLANG_WARN_UNREACHABLE_CODE = YES;
				CLANG_WARN__DUPLICATE_METHOD_MATCH = YES;
				"CODE_SIGN_IDENTITY[sdk=iphoneos*]" = "iPhone Developer";
				COPY_PHASE_STRIP = NO;
				DEBUG_INFORMATION_FORMAT = "dwarf-with-dsym";
				ENABLE_NS_ASSERTIONS = NO;
				ENABLE_STRICT_OBJC_MSGSEND = YES;
				GCC_C_LANGUAGE_STANDARD = gnu99;
				GCC_NO_COMMON_BLOCKS = YES;
				GCC_WARN_64_TO_32_BIT_CONVERSION = YES;
				GCC_WARN_ABOUT_RETURN_TYPE = YES_ERROR;
				GCC_WARN_UNDECLARED_SELECTOR = YES;
				GCC_WARN_UNINITIALIZED_AUTOS = YES_AGGRESSIVE;
				GCC_WARN_UNUSED_FUNCTION = YES;
				GCC_WARN_UNUSED_VARIABLE = YES;
				IPHONEOS_DEPLOYMENT_TARGET = 9.3;
				MTL_ENABLE_DEBUG_INFO = NO;
				SDKROOT = iphoneos;
				VALIDATE_PRODUCT = YES;
			};
			name = Release;
		};
		8C296FC21C62914900BB42ED /* Debug */ = {
			isa = XCBuildConfiguration;
			buildSettings = {
				ASSETCATALOG_COMPILER_APPICON_NAME = AppIcon;
				INFOPLIST_FILE = Proyecto1/Info.plist;
				LD_RUNPATH_SEARCH_PATHS = "$(inherited) @executable_path/Frameworks";
				PRODUCT_BUNDLE_IDENTIFIER = RAMG.Proyecto1;
				PRODUCT_NAME = "$(TARGET_NAME)";
			};
			name = Debug;
		};
		8C296FC31C62914900BB42ED /* Release */ = {
			isa = XCBuildConfiguration;
			buildSettings = {
				ASSETCATALOG_COMPILER_APPICON_NAME = AppIcon;
				INFOPLIST_FILE = Proyecto1/Info.plist;
				LD_RUNPATH_SEARCH_PATHS = "$(inherited) @executable_path/Frameworks";
				PRODUCT_BUNDLE_IDENTIFIER = RAMG.Proyecto1;
				PRODUCT_NAME = "$(TARGET_NAME)";
			};
			name = Release;
		};
		8C296FC51C62914900BB42ED /* Debug */ = {
			isa = XCBuildConfiguration;
			buildSettings = {
				BUNDLE_LOADER = "$(TEST_HOST)";
				INFOPLIST_FILE = Proyecto1Tests/Info.plist;
				LD_RUNPATH_SEARCH_PATHS = "$(inherited) @executable_path/Frameworks @loader_path/Frameworks";
				PRODUCT_BUNDLE_IDENTIFIER = RAMG.Proyecto1Tests;
				PRODUCT_NAME = "$(TARGET_NAME)";
				TEST_HOST = "$(BUILT_PRODUCTS_DIR)/Proyecto1.app/Proyecto1";
			};
			name = Debug;
		};
		8C296FC61C62914900BB42ED /* Release */ = {
			isa = XCBuildConfiguration;
			buildSettings = {
				BUNDLE_LOADER = "$(TEST_HOST)";
				INFOPLIST_FILE = Proyecto1Tests/Info.plist;
				LD_RUNPATH_SEARCH_PATHS = "$(inherited) @executable_path/Frameworks @loader_path/Frameworks";
				PRODUCT_BUNDLE_IDENTIFIER = RAMG.Proyecto1Tests;
				PRODUCT_NAME = "$(TARGET_NAME)";
				TEST_HOST = "$(BUILT_PRODUCTS_DIR)/Proyecto1.app/Proyecto1";
			};
			name = Release;
		};
		8C296FC81C62914900BB42ED /* Debug */ = {
			isa = XCBuildConfiguration;
			buildSettings = {
				INFOPLIST_FILE = Proyecto1UITests/Info.plist;
				LD_RUNPATH_SEARCH_PATHS = "$(inherited) @executable_path/Frameworks @loader_path/Frameworks";
				PRODUCT_BUNDLE_IDENTIFIER = RAMG.Proyecto1UITests;
				PRODUCT_NAME = "$(TARGET_NAME)";
				TEST_TARGET_NAME = Proyecto1;
			};
			name = Debug;
		};
		8C296FC91C62914900BB42ED /* Release */ = {
			isa = XCBuildConfiguration;
			buildSettings = {
				INFOPLIST_FILE = Proyecto1UITests/Info.plist;
				LD_RUNPATH_SEARCH_PATHS = "$(inherited) @executable_path/Frameworks @loader_path/Frameworks";
				PRODUCT_BUNDLE_IDENTIFIER = RAMG.Proyecto1UITests;
				PRODUCT_NAME = "$(TARGET_NAME)";
				TEST_TARGET_NAME = Proyecto1;
			};
			name = Release;
		};
/* End XCBuildConfiguration section */

/* Begin XCConfigurationList section */
		8C296F941C62914900BB42ED /* Build configuration list for PBXProject "Proyecto1" */ = {
			isa = XCConfigurationList;
			buildConfigurations = (
				8C296FBF1C62914900BB42ED /* Debug */,
				8C296FC01C62914900BB42ED /* Release */,
			);
			defaultConfigurationIsVisible = 0;
			defaultConfigurationName = Release;
		};
		8C296FC11C62914900BB42ED /* Build configuration list for PBXNativeTarget "Proyecto1" */ = {
			isa = XCConfigurationList;
			buildConfigurations = (
				8C296FC21C62914900BB42ED /* Debug */,
				8C296FC31C62914900BB42ED /* Release */,
			);
			defaultConfigurationIsVisible = 0;
		};
		8C296FC41C62914900BB42ED /* Build configuration list for PBXNativeTarget "Proyecto1Tests" */ = {
			isa = XCConfigurationList;
			buildConfigurations = (
				8C296FC51C62914900BB42ED /* Debug */,
				8C296FC61C62914900BB42ED /* Release */,
			);
			defaultConfigurationIsVisible = 0;
		};
		8C296FC71C62914900BB42ED /* Build configuration list for PBXNativeTarget "Proyecto1UITests" */ = {
			isa = XCConfigurationList;
			buildConfigurations = (
				8C296FC81C62914900BB42ED /* Debug */,
				8C296FC91C62914900BB42ED /* Release */,
			);
			defaultConfigurationIsVisible = 0;
		};
/* End XCConfigurationList section */
	};
	rootObject = 8C296F911C62914900BB42ED /* Project object */;
}
